
Microsoft Visual Studio Solution File, Format Version 12.00
# Visual Studio Version 17
VisualStudioVersion = 17.12.35527.113 d17.12
MinimumVisualStudioVersion = 10.0.40219.1
Project("{FAE04EC0-301F-11D3-BF4B-00C04F79EFBC}") = "ResourcePlanner2", "ResourcePlanner2\ResourcePlanner2.csproj", "{43D705DE-0BA4-4AAB-9DBC-56607EC9B3A7}"
EndProject
Project("{2150E333-8FDC-42A3-9474-1A3956D46DE8}") = "Solution Items", "Solution Items", "{75860A3B-3282-49EF-B173-1B51D85ED4A3}"
	ProjectSection(SolutionItems) = preProject
		.gitignore = .gitignore
		Directory.Build.props = Directory.Build.props
		Directory.Build.targets = Directory.Build.targets
		Directory.Packages.props = Directory.Packages.props
		global.json = global.json
	EndProjectSection
EndProject
Project("{FAE04EC0-301F-11D3-BF4B-00C04F79EFBC}") = "UnoBookRail.Common", "..\Shared\UnoBookRail.Common\UnoBookRail.Common.csproj", "{63287B9C-67EE-45E1-9158-B3A2C0842A4A}"
EndProject
Global
	GlobalSection(SolutionConfigurationPlatforms) = preSolution
		Debug|Any CPU = Debug|Any CPU
		Release|Any CPU = Release|Any CPU
	EndGlobalSection
	GlobalSection(ProjectConfigurationPlatforms) = postSolution
		{43D705DE-0BA4-4AAB-9DBC-56607EC9B3A7}.Debug|Any CPU.ActiveCfg = Debug|Any CPU
		{43D705DE-0BA4-4AAB-9DBC-56607EC9B3A7}.Debug|Any CPU.Build.0 = Debug|Any CPU
		{43D705DE-0BA4-4AAB-9DBC-56607EC9B3A7}.Debug|Any CPU.Deploy.0 = Debug|Any CPU
		{43D705DE-0BA4-4AAB-9DBC-56607EC9B3A7}.Release|Any CPU.ActiveCfg = Release|Any CPU
		{43D705DE-0BA4-4AAB-9DBC-56607EC9B3A7}.Release|Any CPU.Build.0 = Release|Any CPU
		{43D705DE-0BA4-4AAB-9DBC-56607EC9B3A7}.Release|Any CPU.Deploy.0 = Release|Any CPU
		{63287B9C-67EE-45E1-9158-B3A2C0842A4A}.Debug|Any CPU.ActiveCfg = Debug|Any CPU
		{63287B9C-67EE-45E1-9158-B3A2C0842A4A}.Debug|Any CPU.Build.0 = Debug|Any CPU
		{63287B9C-67EE-45E1-9158-B3A2C0842A4A}.Release|Any CPU.ActiveCfg = Release|Any CPU
		{63287B9C-67EE-45E1-9158-B3A2C0842A4A}.Release|Any CPU.Build.0 = Release|Any CPU
	EndGlobalSection
	GlobalSection(SolutionProperties) = preSolution
		HideSolutionNode = FALSE
	EndGlobalSection
EndGlobal
